// !$*UTF8*$!
{
	archiveVersion = 1;
	classes = {
	};
	objectVersion = 52;
	objects = {

/* Begin PBXBuildFile section */
		E57FA32225ADD94200E487A7 /* AppDelegate.swift in Sources */ = {isa = PBXBuildFile; fileRef = E57FA32125ADD94200E487A7 /* AppDelegate.swift */; };
		E57FA32425ADD94200E487A7 /* SceneDelegate.swift in Sources */ = {isa = PBXBuildFile; fileRef = E57FA32325ADD94200E487A7 /* SceneDelegate.swift */; };
		E57FA32625ADD94200E487A7 /* ViewController.swift in Sources */ = {isa = PBXBuildFile; fileRef = E57FA32525ADD94200E487A7 /* ViewController.swift */; };
		E57FA32925ADD94200E487A7 /* Main.storyboard in Resources */ = {isa = PBXBuildFile; fileRef = E57FA32725ADD94200E487A7 /* Main.storyboard */; };
		E57FA32B25ADD94300E487A7 /* Assets.xcassets in Resources */ = {isa = PBXBuildFile; fileRef = E57FA32A25ADD94300E487A7 /* Assets.xcassets */; };
		E57FA32E25ADD94300E487A7 /* LaunchScreen.storyboard in Resources */ = {isa = PBXBuildFile; fileRef = E57FA32C25ADD94300E487A7 /* LaunchScreen.storyboard */; };
		E57FA33925ADD94300E487A7 /* FancyDishTests.swift in Sources */ = {isa = PBXBuildFile; fileRef = E57FA33825ADD94300E487A7 /* FancyDishTests.swift */; };
		E57FA34425ADD94300E487A7 /* FancyDishUITests.swift in Sources */ = {isa = PBXBuildFile; fileRef = E57FA34325ADD94300E487A7 /* FancyDishUITests.swift */; };
		E57FA35625ADEAE100E487A7 /* RxSwift in Frameworks */ = {isa = PBXBuildFile; productRef = E57FA35525ADEAE100E487A7 /* RxSwift */; };
/* End PBXBuildFile section */

/* Begin PBXContainerItemProxy section */
		E57FA33525ADD94300E487A7 /* PBXContainerItemProxy */ = {
			isa = PBXContainerItemProxy;
			containerPortal = E57FA31625ADD94200E487A7 /* Project object */;
			proxyType = 1;
			remoteGlobalIDString = E57FA31D25ADD94200E487A7;
			remoteInfo = FancyDish;
		};
		E57FA34025ADD94300E487A7 /* PBXContainerItemProxy */ = {
			isa = PBXContainerItemProxy;
			containerPortal = E57FA31625ADD94200E487A7 /* Project object */;
			proxyType = 1;
			remoteGlobalIDString = E57FA31D25ADD94200E487A7;
			remoteInfo = FancyDish;
		};
/* End PBXContainerItemProxy section */

/* Begin PBXFileReference section */
		E57FA31E25ADD94200E487A7 /* FancyDish.app */ = {isa = PBXFileReference; explicitFileType = wrapper.application; includeInIndex = 0; path = FancyDish.app; sourceTree = BUILT_PRODUCTS_DIR; };
		E57FA32125ADD94200E487A7 /* AppDelegate.swift */ = {isa = PBXFileReference; lastKnownFileType = sourcecode.swift; path = AppDelegate.swift; sourceTree = "<group>"; };
		E57FA32325ADD94200E487A7 /* SceneDelegate.swift */ = {isa = PBXFileReference; lastKnownFileType = sourcecode.swift; path = SceneDelegate.swift; sourceTree = "<group>"; };
		E57FA32525ADD94200E487A7 /* ViewController.swift */ = {isa = PBXFileReference; lastKnownFileType = sourcecode.swift; path = ViewController.swift; sourceTree = "<group>"; };
		E57FA32825ADD94200E487A7 /* Base */ = {isa = PBXFileReference; lastKnownFileType = file.storyboard; name = Base; path = Base.lproj/Main.storyboard; sourceTree = "<group>"; };
		E57FA32A25ADD94300E487A7 /* Assets.xcassets */ = {isa = PBXFileReference; lastKnownFileType = folder.assetcatalog; path = Assets.xcassets; sourceTree = "<group>"; };
		E57FA32D25ADD94300E487A7 /* Base */ = {isa = PBXFileReference; lastKnownFileType = file.storyboard; name = Base; path = Base.lproj/LaunchScreen.storyboard; sourceTree = "<group>"; };
		E57FA32F25ADD94300E487A7 /* Info.plist */ = {isa = PBXFileReference; lastKnownFileType = text.plist.xml; path = Info.plist; sourceTree = "<group>"; };
		E57FA33425ADD94300E487A7 /* FancyDishTests.xctest */ = {isa = PBXFileReference; explicitFileType = wrapper.cfbundle; includeInIndex = 0; path = FancyDishTests.xctest; sourceTree = BUILT_PRODUCTS_DIR; };
		E57FA33825ADD94300E487A7 /* FancyDishTests.swift */ = {isa = PBXFileReference; lastKnownFileType = sourcecode.swift; path = FancyDishTests.swift; sourceTree = "<group>"; };
		E57FA33A25ADD94300E487A7 /* Info.plist */ = {isa = PBXFileReference; lastKnownFileType = text.plist.xml; path = Info.plist; sourceTree = "<group>"; };
		E57FA33F25ADD94300E487A7 /* FancyDishUITests.xctest */ = {isa = PBXFileReference; explicitFileType = wrapper.cfbundle; includeInIndex = 0; path = FancyDishUITests.xctest; sourceTree = BUILT_PRODUCTS_DIR; };
		E57FA34325ADD94300E487A7 /* FancyDishUITests.swift */ = {isa = PBXFileReference; lastKnownFileType = sourcecode.swift; path = FancyDishUITests.swift; sourceTree = "<group>"; };
		E57FA34525ADD94300E487A7 /* Info.plist */ = {isa = PBXFileReference; lastKnownFileType = text.plist.xml; path = Info.plist; sourceTree = "<group>"; };
/* End PBXFileReference section */

/* Begin PBXFrameworksBuildPhase section */
		E57FA31B25ADD94200E487A7 /* Frameworks */ = {
			isa = PBXFrameworksBuildPhase;
			buildActionMask = 2147483647;
			files = (
				E57FA35625ADEAE100E487A7 /* RxSwift in Frameworks */,
			);
			runOnlyForDeploymentPostprocessing = 0;
		};
		E57FA33125ADD94300E487A7 /* Frameworks */ = {
			isa = PBXFrameworksBuildPhase;
			buildActionMask = 2147483647;
			files = (
			);
			runOnlyForDeploymentPostprocessing = 0;
		};
		E57FA33C25ADD94300E487A7 /* Frameworks */ = {
			isa = PBXFrameworksBuildPhase;
			buildActionMask = 2147483647;
			files = (
			);
			runOnlyForDeploymentPostprocessing = 0;
		};
/* End PBXFrameworksBuildPhase section */

/* Begin PBXGroup section */
		E57FA31525ADD94200E487A7 = {
			isa = PBXGroup;
			children = (
				E57FA32025ADD94200E487A7 /* FancyDish */,
				E57FA33725ADD94300E487A7 /* FancyDishTests */,
				E57FA34225ADD94300E487A7 /* FancyDishUITests */,
				E57FA31F25ADD94200E487A7 /* Products */,
			);
			sourceTree = "<group>";
		};
		E57FA31F25ADD94200E487A7 /* Products */ = {
			isa = PBXGroup;
			children = (
				E57FA31E25ADD94200E487A7 /* FancyDish.app */,
				E57FA33425ADD94300E487A7 /* FancyDishTests.xctest */,
				E57FA33F25ADD94300E487A7 /* FancyDishUITests.xctest */,
			);
			name = Products;
			sourceTree = "<group>";
		};
		E57FA32025ADD94200E487A7 /* FancyDish */ = {
			isa = PBXGroup;
			children = (
				E57FA32125ADD94200E487A7 /* AppDelegate.swift */,
				E57FA32325ADD94200E487A7 /* SceneDelegate.swift */,
				E57FA32525ADD94200E487A7 /* ViewController.swift */,
				E57FA32725ADD94200E487A7 /* Main.storyboard */,
				E57FA32A25ADD94300E487A7 /* Assets.xcassets */,
				E57FA32C25ADD94300E487A7 /* LaunchScreen.storyboard */,
				E57FA32F25ADD94300E487A7 /* Info.plist */,
			);
			path = FancyDish;
			sourceTree = "<group>";
		};
		E57FA33725ADD94300E487A7 /* FancyDishTests */ = {
			isa = PBXGroup;
			children = (
				E57FA33825ADD94300E487A7 /* FancyDishTests.swift */,
				E57FA33A25ADD94300E487A7 /* Info.plist */,
			);
			path = FancyDishTests;
			sourceTree = "<group>";
		};
		E57FA34225ADD94300E487A7 /* FancyDishUITests */ = {
			isa = PBXGroup;
			children = (
				E57FA34325ADD94300E487A7 /* FancyDishUITests.swift */,
				E57FA34525ADD94300E487A7 /* Info.plist */,
			);
			path = FancyDishUITests;
			sourceTree = "<group>";
		};
/* End PBXGroup section */

/* Begin PBXNativeTarget section */
		E57FA31D25ADD94200E487A7 /* FancyDish */ = {
			isa = PBXNativeTarget;
			buildConfigurationList = E57FA34825ADD94300E487A7 /* Build configuration list for PBXNativeTarget "FancyDish" */;
			buildPhases = (
				E57FA31A25ADD94200E487A7 /* Sources */,
				E57FA31B25ADD94200E487A7 /* Frameworks */,
				E57FA31C25ADD94200E487A7 /* Resources */,
			);
			buildRules = (
			);
			dependencies = (
			);
			name = FancyDish;
			packageProductDependencies = (
				E57FA35525ADEAE100E487A7 /* RxSwift */,
			);
			productName = FancyDish;
			productReference = E57FA31E25ADD94200E487A7 /* FancyDish.app */;
			productType = "com.apple.product-type.application";
		};
		E57FA33325ADD94300E487A7 /* FancyDishTests */ = {
			isa = PBXNativeTarget;
			buildConfigurationList = E57FA34B25ADD94300E487A7 /* Build configuration list for PBXNativeTarget "FancyDishTests" */;
			buildPhases = (
				E57FA33025ADD94300E487A7 /* Sources */,
				E57FA33125ADD94300E487A7 /* Frameworks */,
				E57FA33225ADD94300E487A7 /* Resources */,
			);
			buildRules = (
			);
			dependencies = (
				E57FA33625ADD94300E487A7 /* PBXTargetDependency */,
			);
			name = FancyDishTests;
			productName = FancyDishTests;
			productReference = E57FA33425ADD94300E487A7 /* FancyDishTests.xctest */;
			productType = "com.apple.product-type.bundle.unit-test";
		};
		E57FA33E25ADD94300E487A7 /* FancyDishUITests */ = {
			isa = PBXNativeTarget;
			buildConfigurationList = E57FA34E25ADD94300E487A7 /* Build configuration list for PBXNativeTarget "FancyDishUITests" */;
			buildPhases = (
				E57FA33B25ADD94300E487A7 /* Sources */,
				E57FA33C25ADD94300E487A7 /* Frameworks */,
				E57FA33D25ADD94300E487A7 /* Resources */,
			);
			buildRules = (
			);
			dependencies = (
				E57FA34125ADD94300E487A7 /* PBXTargetDependency */,
			);
			name = FancyDishUITests;
			productName = FancyDishUITests;
			productReference = E57FA33F25ADD94300E487A7 /* FancyDishUITests.xctest */;
			productType = "com.apple.product-type.bundle.ui-testing";
		};
/* End PBXNativeTarget section */

/* Begin PBXProject section */
		E57FA31625ADD94200E487A7 /* Project object */ = {
			isa = PBXProject;
			attributes = {
				LastSwiftUpdateCheck = 1230;
				LastUpgradeCheck = 1230;
				TargetAttributes = {
					E57FA31D25ADD94200E487A7 = {
						CreatedOnToolsVersion = 12.3;
					};
					E57FA33325ADD94300E487A7 = {
						CreatedOnToolsVersion = 12.3;
						TestTargetID = E57FA31D25ADD94200E487A7;
					};
					E57FA33E25ADD94300E487A7 = {
						CreatedOnToolsVersion = 12.3;
						TestTargetID = E57FA31D25ADD94200E487A7;
					};
				};
			};
			buildConfigurationList = E57FA31925ADD94200E487A7 /* Build configuration list for PBXProject "FancyDish" */;
			compatibilityVersion = "Xcode 9.3";
			developmentRegion = en;
			hasScannedForEncodings = 0;
			knownRegions = (
				en,
				Base,
			);
			mainGroup = E57FA31525ADD94200E487A7;
			packageReferences = (
				E57FA35425ADEAE100E487A7 /* XCRemoteSwiftPackageReference "RxSwift" */,
			);
			productRefGroup = E57FA31F25ADD94200E487A7 /* Products */;
			projectDirPath = "";
			projectRoot = "";
			targets = (
				E57FA31D25ADD94200E487A7 /* FancyDish */,
				E57FA33325ADD94300E487A7 /* FancyDishTests */,
				E57FA33E25ADD94300E487A7 /* FancyDishUITests */,
			);
		};
/* End PBXProject section */

/* Begin PBXResourcesBuildPhase section */
		E57FA31C25ADD94200E487A7 /* Resources */ = {
			isa = PBXResourcesBuildPhase;
			buildActionMask = 2147483647;
			files = (
				E57FA32E25ADD94300E487A7 /* LaunchScreen.storyboard in Resources */,
				E57FA32B25ADD94300E487A7 /* Assets.xcassets in Resources */,
				E57FA32925ADD94200E487A7 /* Main.storyboard in Resources */,
			);
			runOnlyForDeploymentPostprocessing = 0;
		};
		E57FA33225ADD94300E487A7 /* Resources */ = {
			isa = PBXResourcesBuildPhase;
			buildActionMask = 2147483647;
			files = (
			);
			runOnlyForDeploymentPostprocessing = 0;
		};
		E57FA33D25ADD94300E487A7 /* Resources */ = {
			isa = PBXResourcesBuildPhase;
			buildActionMask = 2147483647;
			files = (
			);
			runOnlyForDeploymentPostprocessing = 0;
		};
/* End PBXResourcesBuildPhase section */

/* Begin PBXSourcesBuildPhase section */
		E57FA31A25ADD94200E487A7 /* Sources */ = {
			isa = PBXSourcesBuildPhase;
			buildActionMask = 2147483647;
			files = (
				E57FA32625ADD94200E487A7 /* ViewController.swift in Sources */,
				E57FA32225ADD94200E487A7 /* AppDelegate.swift in Sources */,
				E57FA32425ADD94200E487A7 /* SceneDelegate.swift in Sources */,
			);
			runOnlyForDeploymentPostprocessing = 0;
		};
		E57FA33025ADD94300E487A7 /* Sources */ = {
			isa = PBXSourcesBuildPhase;
			buildActionMask = 2147483647;
			files = (
				E57FA33925ADD94300E487A7 /* FancyDishTests.swift in Sources */,
			);
			runOnlyForDeploymentPostprocessing = 0;
		};
		E57FA33B25ADD94300E487A7 /* Sources */ = {
			isa = PBXSourcesBuildPhase;
			buildActionMask = 2147483647;
			files = (
				E57FA34425ADD94300E487A7 /* FancyDishUITests.swift in Sources */,
			);
			runOnlyForDeploymentPostprocessing = 0;
		};
/* End PBXSourcesBuildPhase section */

/* Begin PBXTargetDependency section */
		E57FA33625ADD94300E487A7 /* PBXTargetDependency */ = {
			isa = PBXTargetDependency;
			target = E57FA31D25ADD94200E487A7 /* FancyDish */;
			targetProxy = E57FA33525ADD94300E487A7 /* PBXContainerItemProxy */;
		};
		E57FA34125ADD94300E487A7 /* PBXTargetDependency */ = {
			isa = PBXTargetDependency;
			target = E57FA31D25ADD94200E487A7 /* FancyDish */;
			targetProxy = E57FA34025ADD94300E487A7 /* PBXContainerItemProxy */;
		};
/* End PBXTargetDependency section */

/* Begin PBXVariantGroup section */
		E57FA32725ADD94200E487A7 /* Main.storyboard */ = {
			isa = PBXVariantGroup;
			children = (
				E57FA32825ADD94200E487A7 /* Base */,
			);
			name = Main.storyboard;
			sourceTree = "<group>";
		};
		E57FA32C25ADD94300E487A7 /* LaunchScreen.storyboard */ = {
			isa = PBXVariantGroup;
			children = (
				E57FA32D25ADD94300E487A7 /* Base */,
			);
			name = LaunchScreen.storyboard;
			sourceTree = "<group>";
		};
/* End PBXVariantGroup section */

/* Begin XCBuildConfiguration section */
		E57FA34625ADD94300E487A7 /* Debug */ = {
			isa = XCBuildConfiguration;
			buildSettings = {
				ALWAYS_SEARCH_USER_PATHS = NO;
				CLANG_ANALYZER_NONNULL = YES;
				CLANG_ANALYZER_NUMBER_OBJECT_CONVERSION = YES_AGGRESSIVE;
				CLANG_CXX_LANGUAGE_STANDARD = "gnu++14";
				CLANG_CXX_LIBRARY = "libc++";
				CLANG_ENABLE_MODULES = YES;
				CLANG_ENABLE_OBJC_ARC = YES;
				CLANG_ENABLE_OBJC_WEAK = YES;
				CLANG_WARN_BLOCK_CAPTURE_AUTORELEASING = YES;
				CLANG_WARN_BOOL_CONVERSION = YES;
				CLANG_WARN_COMMA = YES;
				CLANG_WARN_CONSTANT_CONVERSION = YES;
				CLANG_WARN_DEPRECATED_OBJC_IMPLEMENTATIONS = YES;
				CLANG_WARN_DIRECT_OBJC_ISA_USAGE = YES_ERROR;
				CLANG_WARN_DOCUMENTATION_COMMENTS = YES;
				CLANG_WARN_EMPTY_BODY = YES;
				CLANG_WARN_ENUM_CONVERSION = YES;
				CLANG_WARN_INFINITE_RECURSION = YES;
				CLANG_WARN_INT_CONVERSION = YES;
				CLANG_WARN_NON_LITERAL_NULL_CONVERSION = YES;
				CLANG_WARN_OBJC_IMPLICIT_RETAIN_SELF = YES;
				CLANG_WARN_OBJC_LITERAL_CONVERSION = YES;
				CLANG_WARN_OBJC_ROOT_CLASS = YES_ERROR;
				CLANG_WARN_QUOTED_INCLUDE_IN_FRAMEWORK_HEADER = YES;
				CLANG_WARN_RANGE_LOOP_ANALYSIS = YES;
				CLANG_WARN_STRICT_PROTOTYPES = YES;
				CLANG_WARN_SUSPICIOUS_MOVE = YES;
				CLANG_WARN_UNGUARDED_AVAILABILITY = YES_AGGRESSIVE;
				CLANG_WARN_UNREACHABLE_CODE = YES;
				CLANG_WARN__DUPLICATE_METHOD_MATCH = YES;
				COPY_PHASE_STRIP = NO;
				DEBUG_INFORMATION_FORMAT = dwarf;
				ENABLE_STRICT_OBJC_MSGSEND = YES;
				ENABLE_TESTABILITY = YES;
				GCC_C_LANGUAGE_STANDARD = gnu11;
				GCC_DYNAMIC_NO_PIC = NO;
				GCC_NO_COMMON_BLOCKS = YES;
				GCC_OPTIMIZATION_LEVEL = 0;
				GCC_PREPROCESSOR_DEFINITIONS = (
					"DEBUG=1",
					"$(inherited)",
				);
				GCC_WARN_64_TO_32_BIT_CONVERSION = YES;
				GCC_WARN_ABOUT_RETURN_TYPE = YES_ERROR;
				GCC_WARN_UNDECLARED_SELECTOR = YES;
				GCC_WARN_UNINITIALIZED_AUTOS = YES_AGGRESSIVE;
				GCC_WARN_UNUSED_FUNCTION = YES;
				GCC_WARN_UNUSED_VARIABLE = YES;
				IPHONEOS_DEPLOYMENT_TARGET = 14.3;
				MTL_ENABLE_DEBUG_INFO = INCLUDE_SOURCE;
				MTL_FAST_MATH = YES;
				ONLY_ACTIVE_ARCH = YES;
				SDKROOT = iphoneos;
				SWIFT_ACTIVE_COMPILATION_CONDITIONS = DEBUG;
				SWIFT_OPTIMIZATION_LEVEL = "-Onone";
			};
			name = Debug;
		};
		E57FA34725ADD94300E487A7 /* Release */ = {
			isa = XCBuildConfiguration;
			buildSettings = {
				ALWAYS_SEARCH_USER_PATHS = NO;
				CLANG_ANALYZER_NONNULL = YES;
				CLANG_ANALYZER_NUMBER_OBJECT_CONVERSION = YES_AGGRESSIVE;
				CLANG_CXX_LANGUAGE_STANDARD = "gnu++14";
				CLANG_CXX_LIBRARY = "libc++";
				CLANG_ENABLE_MODULES = YES;
				CLANG_ENABLE_OBJC_ARC = YES;
				CLANG_ENABLE_OBJC_WEAK = YES;
				CLANG_WARN_BLOCK_CAPTURE_AUTORELEASING = YES;
				CLANG_WARN_BOOL_CONVERSION = YES;
				CLANG_WARN_COMMA = YES;
				CLANG_WARN_CONSTANT_CONVERSION = YES;
				CLANG_WARN_DEPRECATED_OBJC_IMPLEMENTATIONS = YES;
				CLANG_WARN_DIRECT_OBJC_ISA_USAGE = YES_ERROR;
				CLANG_WARN_DOCUMENTATION_COMMENTS = YES;
				CLANG_WARN_EMPTY_BODY = YES;
				CLANG_WARN_ENUM_CONVERSION = YES;
				CLANG_WARN_INFINITE_RECURSION = YES;
				CLANG_WARN_INT_CONVERSION = YES;
				CLANG_WARN_NON_LITERAL_NULL_CONVERSION = YES;
				CLANG_WARN_OBJC_IMPLICIT_RETAIN_SELF = YES;
				CLANG_WARN_OBJC_LITERAL_CONVERSION = YES;
				CLANG_WARN_OBJC_ROOT_CLASS = YES_ERROR;
				CLANG_WARN_QUOTED_INCLUDE_IN_FRAMEWORK_HEADER = YES;
				CLANG_WARN_RANGE_LOOP_ANALYSIS = YES;
				CLANG_WARN_STRICT_PROTOTYPES = YES;
				CLANG_WARN_SUSPICIOUS_MOVE = YES;
				CLANG_WARN_UNGUARDED_AVAILABILITY = YES_AGGRESSIVE;
				CLANG_WARN_UNREACHABLE_CODE = YES;
				CLANG_WARN__DUPLICATE_METHOD_MATCH = YES;
				COPY_PHASE_STRIP = NO;
				DEBUG_INFORMATION_FORMAT = "dwarf-with-dsym";
				ENABLE_NS_ASSERTIONS = NO;
				ENABLE_STRICT_OBJC_MSGSEND = YES;
				GCC_C_LANGUAGE_STANDARD = gnu11;
				GCC_NO_COMMON_BLOCKS = YES;
				GCC_WARN_64_TO_32_BIT_CONVERSION = YES;
				GCC_WARN_ABOUT_RETURN_TYPE = YES_ERROR;
				GCC_WARN_UNDECLARED_SELECTOR = YES;
				GCC_WARN_UNINITIALIZED_AUTOS = YES_AGGRESSIVE;
				GCC_WARN_UNUSED_FUNCTION = YES;
				GCC_WARN_UNUSED_VARIABLE = YES;
				IPHONEOS_DEPLOYMENT_TARGET = 14.3;
				MTL_ENABLE_DEBUG_INFO = NO;
				MTL_FAST_MATH = YES;
				SDKROOT = iphoneos;
				SWIFT_COMPILATION_MODE = wholemodule;
				SWIFT_OPTIMIZATION_LEVEL = "-O";
				VALIDATE_PRODUCT = YES;
			};
			name = Release;
		};
		E57FA34925ADD94300E487A7 /* Debug */ = {
			isa = XCBuildConfiguration;
			buildSettings = {
				ASSETCATALOG_COMPILER_APPICON_NAME = AppIcon;
				ASSETCATALOG_COMPILER_GLOBAL_ACCENT_COLOR_NAME = AccentColor;
				CODE_SIGN_IDENTITY = "Apple Development";
				CODE_SIGN_STYLE = Manual;
				DEVELOPMENT_TEAM = "";
				INFOPLIST_FILE = FancyDish/Info.plist;
				LD_RUNPATH_SEARCH_PATHS = (
					"$(inherited)",
					"@executable_path/Frameworks",
				);
				PRODUCT_BUNDLE_IDENTIFIER = yajuma.toshu.dev.FancyDish;
				PRODUCT_NAME = "$(TARGET_NAME)";
				PROVISIONING_PROFILE_SPECIFIER = "";
				SWIFT_VERSION = 5.0;
				TARGETED_DEVICE_FAMILY = "1,2";
			};
			name = Debug;
		};
		E57FA34A25ADD94300E487A7 /* Release */ = {
			isa = XCBuildConfiguration;
			buildSettings = {
				ASSETCATALOG_COMPILER_APPICON_NAME = AppIcon;
				ASSETCATALOG_COMPILER_GLOBAL_ACCENT_COLOR_NAME = AccentColor;
				CODE_SIGN_IDENTITY = "Apple Development";
				CODE_SIGN_STYLE = Manual;
				DEVELOPMENT_TEAM = "";
				INFOPLIST_FILE = FancyDish/Info.plist;
				LD_RUNPATH_SEARCH_PATHS = (
					"$(inherited)",
					"@executable_path/Frameworks",
				);
				PRODUCT_BUNDLE_IDENTIFIER = yajuma.toshu.dev.FancyDish;
				PRODUCT_NAME = "$(TARGET_NAME)";
				PROVISIONING_PROFILE_SPECIFIER = "";
				SWIFT_VERSION = 5.0;
				TARGETED_DEVICE_FAMILY = "1,2";
			};
			name = Release;
		};
		E57FA34C25ADD94300E487A7 /* Debug */ = {
			isa = XCBuildConfiguration;
			buildSettings = {
				ALWAYS_EMBED_SWIFT_STANDARD_LIBRARIES = YES;
				BUNDLE_LOADER = "$(TEST_HOST)";
				CODE_SIGN_STYLE = Automatic;
				INFOPLIST_FILE = FancyDishTests/Info.plist;
				IPHONEOS_DEPLOYMENT_TARGET = 14.3;
				LD_RUNPATH_SEARCH_PATHS = (
					"$(inherited)",
					"@executable_path/Frameworks",
					"@loader_path/Frameworks",
				);
				PRODUCT_BUNDLE_IDENTIFIER = yajuma.toshu.dev.FancyDishTests;
				PRODUCT_NAME = "$(TARGET_NAME)";
				SWIFT_VERSION = 5.0;
				TARGETED_DEVICE_FAMILY = "1,2";
				TEST_HOST = "$(BUILT_PRODUCTS_DIR)/FancyDish.app/FancyDish";
			};
			name = Debug;
		};
		E57FA34D25ADD94300E487A7 /* Release */ = {
			isa = XCBuildConfiguration;
			buildSettings = {
				ALWAYS_EMBED_SWIFT_STANDARD_LIBRARIES = YES;
				BUNDLE_LOADER = "$(TEST_HOST)";
				CODE_SIGN_STYLE = Automatic;
				INFOPLIST_FILE = FancyDishTests/Info.plist;
				IPHONEOS_DEPLOYMENT_TARGET = 14.3;
				LD_RUNPATH_SEARCH_PATHS = (
					"$(inherited)",
					"@executable_path/Frameworks",
					"@loader_path/Frameworks",
				);
				PRODUCT_BUNDLE_IDENTIFIER = yajuma.toshu.dev.FancyDishTests;
				PRODUCT_NAME = "$(TARGET_NAME)";
				SWIFT_VERSION = 5.0;
				TARGETED_DEVICE_FAMILY = "1,2";
				TEST_HOST = "$(BUILT_PRODUCTS_DIR)/FancyDish.app/FancyDish";
			};
			name = Release;
		};
		E57FA34F25ADD94300E487A7 /* Debug */ = {
			isa = XCBuildConfiguration;
			buildSettings = {
				ALWAYS_EMBED_SWIFT_STANDARD_LIBRARIES = YES;
				CODE_SIGN_STYLE = Automatic;
				INFOPLIST_FILE = FancyDishUITests/Info.plist;
				LD_RUNPATH_SEARCH_PATHS = (
					"$(inherited)",
					"@executable_path/Frameworks",
					"@loader_path/Frameworks",
				);
				PRODUCT_BUNDLE_IDENTIFIER = yajuma.toshu.dev.FancyDishUITests;
				PRODUCT_NAME = "$(TARGET_NAME)";
				SWIFT_VERSION = 5.0;
				TARGETED_DEVICE_FAMILY = "1,2";
				TEST_TARGET_NAME = FancyDish;
			};
			name = Debug;
		};
		E57FA35025ADD94300E487A7 /* Release */ = {
			isa = XCBuildConfiguration;
			buildSettings = {
				ALWAYS_EMBED_SWIFT_STANDARD_LIBRARIES = YES;
				CODE_SIGN_STYLE = Automatic;
				INFOPLIST_FILE = FancyDishUITests/Info.plist;
				LD_RUNPATH_SEARCH_PATHS = (
					"$(inherited)",
					"@executable_path/Frameworks",
					"@loader_path/Frameworks",
				);
				PRODUCT_BUNDLE_IDENTIFIER = yajuma.toshu.dev.FancyDishUITests;
				PRODUCT_NAME = "$(TARGET_NAME)";
				SWIFT_VERSION = 5.0;
				TARGETED_DEVICE_FAMILY = "1,2";
				TEST_TARGET_NAME = FancyDish;
			};
			name = Release;
		};
/* End XCBuildConfiguration section */

/* Begin XCConfigurationList section */
		E57FA31925ADD94200E487A7 /* Build configuration list for PBXProject "FancyDish" */ = {
			isa = XCConfigurationList;
			buildConfigurations = (
				E57FA34625ADD94300E487A7 /* Debug */,
				E57FA34725ADD94300E487A7 /* Release */,
			);
			defaultConfigurationIsVisible = 0;
			defaultConfigurationName = Release;
		};
		E57FA34825ADD94300E487A7 /* Build configuration list for PBXNativeTarget "FancyDish" */ = {
			isa = XCConfigurationList;
			buildConfigurations = (
				E57FA34925ADD94300E487A7 /* Debug */,
				E57FA34A25ADD94300E487A7 /* Release */,
			);
			defaultConfigurationIsVisible = 0;
			defaultConfigurationName = Release;
		};
		E57FA34B25ADD94300E487A7 /* Build configuration list for PBXNativeTarget "FancyDishTests" */ = {
			isa = XCConfigurationList;
			buildConfigurations = (
				E57FA34C25ADD94300E487A7 /* Debug */,
				E57FA34D25ADD94300E487A7 /* Release */,
			);
			defaultConfigurationIsVisible = 0;
			defaultConfigurationName = Release;
		};
		E57FA34E25ADD94300E487A7 /* Build configuration list for PBXNativeTarget "FancyDishUITests" */ = {
			isa = XCConfigurationList;
			buildConfigurations = (
				E57FA34F25ADD94300E487A7 /* Debug */,
				E57FA35025ADD94300E487A7 /* Release */,
			);
			defaultConfigurationIsVisible = 0;
			defaultConfigurationName = Release;
		};
/* End XCConfigurationList section */

/* Begin XCRemoteSwiftPackageReference section */
		E57FA35425ADEAE100E487A7 /* XCRemoteSwiftPackageReference "RxSwift" */ = {
			isa = XCRemoteSwiftPackageReference;
			repositoryURL = "https://github.com/ReactiveX/RxSwift.git";
			requirement = {
				kind = upToNextMajorVersion;
				minimumVersion = 6.0.0;
			};
		};
/* End XCRemoteSwiftPackageReference section */

/* Begin XCSwiftPackageProductDependency section */
		E57FA35525ADEAE100E487A7 /* RxSwift */ = {
			isa = XCSwiftPackageProductDependency;
			package = E57FA35425ADEAE100E487A7 /* XCRemoteSwiftPackageReference "RxSwift" */;
			productName = RxSwift;
		};
/* End XCSwiftPackageProductDependency section */
	};
	rootObject = E57FA31625ADD94200E487A7 /* Project object */;
}
